
Microsoft Visual Studio Solution File, Format Version 12.00
# Visual Studio Version 17
VisualStudioVersion = 17.2.32616.157
MinimumVisualStudioVersion = 10.0.40219.1
Project("{FAE04EC0-301F-11D3-BF4B-00C04F79EFBC}") = "ContadorNumImp-Par", "ContadorNumImp-Par\ContadorNumImp-Par.csproj", "{392E1FE3-325A-4DBD-9672-ACB6B4A69A69}"
EndProject
Global
	GlobalSection(SolutionConfigurationPlatforms) = preSolution
		Debug|Any CPU = Debug|Any CPU
		Release|Any CPU = Release|Any CPU
	EndGlobalSection
	GlobalSection(ProjectConfigurationPlatforms) = postSolution
		{392E1FE3-325A-4DBD-9672-ACB6B4A69A69}.Debug|Any CPU.ActiveCfg = Debug|Any CPU
		{392E1FE3-325A-4DBD-9672-ACB6B4A69A69}.Debug|Any CPU.Build.0 = Debug|Any CPU
		{392E1FE3-325A-4DBD-9672-ACB6B4A69A69}.Release|Any CPU.ActiveCfg = Release|Any CPU
		{392E1FE3-325A-4DBD-9672-ACB6B4A69A69}.Release|Any CPU.Build.0 = Release|Any CPU
	EndGlobalSection
	GlobalSection(SolutionProperties) = preSolution
		HideSolutionNode = FALSE
	EndGlobalSection
	GlobalSection(ExtensibilityGlobals) = postSolution
		SolutionGuid = {E7BD6E0F-3A27-4240-905A-0F2E9C2B7946}
	EndGlobalSection
EndGlobal
