
Microsoft Visual Studio Solution File, Format Version 12.00
# Visual Studio Version 17
VisualStudioVersion = 17.2.32616.157
MinimumVisualStudioVersion = 10.0.40219.1
Project("{FAE04EC0-301F-11D3-BF4B-00C04F79EFBC}") = "ConsoleApp1", "ConsoleApp1\ConsoleApp1.csproj", "{03A6433F-F135-47E5-9B51-5F157F412CC4}"
EndProject
Global
	GlobalSection(SolutionConfigurationPlatforms) = preSolution
		Debug|Any CPU = Debug|Any CPU
		Release|Any CPU = Release|Any CPU
	EndGlobalSection
	GlobalSection(ProjectConfigurationPlatforms) = postSolution
		{03A6433F-F135-47E5-9B51-5F157F412CC4}.Debug|Any CPU.ActiveCfg = Debug|Any CPU
		{03A6433F-F135-47E5-9B51-5F157F412CC4}.Debug|Any CPU.Build.0 = Debug|Any CPU
		{03A6433F-F135-47E5-9B51-5F157F412CC4}.Release|Any CPU.ActiveCfg = Release|Any CPU
		{03A6433F-F135-47E5-9B51-5F157F412CC4}.Release|Any CPU.Build.0 = Release|Any CPU
	EndGlobalSection
	GlobalSection(SolutionProperties) = preSolution
		HideSolutionNode = FALSE
	EndGlobalSection
	GlobalSection(ExtensibilityGlobals) = postSolution
		SolutionGuid = {8DF340C3-1489-45FD-9CE5-709864958FB1}
	EndGlobalSection
EndGlobal
