
Microsoft Visual Studio Solution File, Format Version 12.00
# Visual Studio Version 17
VisualStudioVersion = 17.2.32616.157
MinimumVisualStudioVersion = 10.0.40219.1
Project("{FAE04EC0-301F-11D3-BF4B-00C04F79EFBC}") = "IF", "IF\IF.csproj", "{DC5FC6E2-7C9F-4D02-BE93-52D314C7F383}"
EndProject
Global
	GlobalSection(SolutionConfigurationPlatforms) = preSolution
		Debug|Any CPU = Debug|Any CPU
		Release|Any CPU = Release|Any CPU
	EndGlobalSection
	GlobalSection(ProjectConfigurationPlatforms) = postSolution
		{DC5FC6E2-7C9F-4D02-BE93-52D314C7F383}.Debug|Any CPU.ActiveCfg = Debug|Any CPU
		{DC5FC6E2-7C9F-4D02-BE93-52D314C7F383}.Debug|Any CPU.Build.0 = Debug|Any CPU
		{DC5FC6E2-7C9F-4D02-BE93-52D314C7F383}.Release|Any CPU.ActiveCfg = Release|Any CPU
		{DC5FC6E2-7C9F-4D02-BE93-52D314C7F383}.Release|Any CPU.Build.0 = Release|Any CPU
	EndGlobalSection
	GlobalSection(SolutionProperties) = preSolution
		HideSolutionNode = FALSE
	EndGlobalSection
	GlobalSection(ExtensibilityGlobals) = postSolution
		SolutionGuid = {36550C0B-9256-4C2C-9CF5-62F956BE8892}
	EndGlobalSection
EndGlobal
