
Microsoft Visual Studio Solution File, Format Version 12.00
# Visual Studio Version 17
VisualStudioVersion = 17.2.32616.157
MinimumVisualStudioVersion = 10.0.40219.1
Project("{FAE04EC0-301F-11D3-BF4B-00C04F79EFBC}") = "Contador", "Contador\Contador.csproj", "{521DB0FB-504C-470C-99D7-2108D5B14EC0}"
EndProject
Global
	GlobalSection(SolutionConfigurationPlatforms) = preSolution
		Debug|Any CPU = Debug|Any CPU
		Release|Any CPU = Release|Any CPU
	EndGlobalSection
	GlobalSection(ProjectConfigurationPlatforms) = postSolution
		{521DB0FB-504C-470C-99D7-2108D5B14EC0}.Debug|Any CPU.ActiveCfg = Debug|Any CPU
		{521DB0FB-504C-470C-99D7-2108D5B14EC0}.Debug|Any CPU.Build.0 = Debug|Any CPU
		{521DB0FB-504C-470C-99D7-2108D5B14EC0}.Release|Any CPU.ActiveCfg = Release|Any CPU
		{521DB0FB-504C-470C-99D7-2108D5B14EC0}.Release|Any CPU.Build.0 = Release|Any CPU
	EndGlobalSection
	GlobalSection(SolutionProperties) = preSolution
		HideSolutionNode = FALSE
	EndGlobalSection
	GlobalSection(ExtensibilityGlobals) = postSolution
		SolutionGuid = {573EB00F-2E82-41F2-A65C-176FED58425F}
	EndGlobalSection
EndGlobal
