
Microsoft Visual Studio Solution File, Format Version 12.00
# Visual Studio Version 17
VisualStudioVersion = 17.2.32616.157
MinimumVisualStudioVersion = 10.0.40219.1
Project("{FAE04EC0-301F-11D3-BF4B-00C04F79EFBC}") = "If-se", "If-se\If-se.csproj", "{AE1C9E2D-A308-4884-8ED4-904D6A35E71E}"
EndProject
Global
	GlobalSection(SolutionConfigurationPlatforms) = preSolution
		Debug|Any CPU = Debug|Any CPU
		Release|Any CPU = Release|Any CPU
	EndGlobalSection
	GlobalSection(ProjectConfigurationPlatforms) = postSolution
		{AE1C9E2D-A308-4884-8ED4-904D6A35E71E}.Debug|Any CPU.ActiveCfg = Debug|Any CPU
		{AE1C9E2D-A308-4884-8ED4-904D6A35E71E}.Debug|Any CPU.Build.0 = Debug|Any CPU
		{AE1C9E2D-A308-4884-8ED4-904D6A35E71E}.Release|Any CPU.ActiveCfg = Release|Any CPU
		{AE1C9E2D-A308-4884-8ED4-904D6A35E71E}.Release|Any CPU.Build.0 = Release|Any CPU
	EndGlobalSection
	GlobalSection(SolutionProperties) = preSolution
		HideSolutionNode = FALSE
	EndGlobalSection
	GlobalSection(ExtensibilityGlobals) = postSolution
		SolutionGuid = {214392B9-BEC8-4B37-AB77-336B5F9C012C}
	EndGlobalSection
EndGlobal
