
Microsoft Visual Studio Solution File, Format Version 12.00
# Visual Studio Version 17
VisualStudioVersion = 17.2.32616.157
MinimumVisualStudioVersion = 10.0.40219.1
Project("{FAE04EC0-301F-11D3-BF4B-00C04F79EFBC}") = "Novo", "Novo\Novo.csproj", "{1E97E8CB-1BB5-4B81-8715-9FEE76A04873}"
EndProject
Global
	GlobalSection(SolutionConfigurationPlatforms) = preSolution
		Debug|Any CPU = Debug|Any CPU
		Release|Any CPU = Release|Any CPU
	EndGlobalSection
	GlobalSection(ProjectConfigurationPlatforms) = postSolution
		{1E97E8CB-1BB5-4B81-8715-9FEE76A04873}.Debug|Any CPU.ActiveCfg = Debug|Any CPU
		{1E97E8CB-1BB5-4B81-8715-9FEE76A04873}.Debug|Any CPU.Build.0 = Debug|Any CPU
		{1E97E8CB-1BB5-4B81-8715-9FEE76A04873}.Release|Any CPU.ActiveCfg = Release|Any CPU
		{1E97E8CB-1BB5-4B81-8715-9FEE76A04873}.Release|Any CPU.Build.0 = Release|Any CPU
	EndGlobalSection
	GlobalSection(SolutionProperties) = preSolution
		HideSolutionNode = FALSE
	EndGlobalSection
	GlobalSection(ExtensibilityGlobals) = postSolution
		SolutionGuid = {A4E356AF-1337-439F-8317-F28EDEE98C33}
	EndGlobalSection
EndGlobal
